
Microsoft Visual Studio Solution File, Format Version 12.00
# Visual Studio Version 16
VisualStudioVersion = 16.0.31911.196
MinimumVisualStudioVersion = 10.0.40219.1
Project("{2150E333-8FDC-42A3-9474-1A3956D46DE8}") = "Services", "Services", "{6C094C29-586B-4789-9665-6DD5CF01A910}"
EndProject
Project("{2150E333-8FDC-42A3-9474-1A3956D46DE8}") = "Catalog", "Catalog", "{3D0D2F9C-63F9-4B5F-BA93-894685E5EB19}"
EndProject
Project("{9A19103F-16F7-4668-BE54-9A1E7A4F7556}") = "FreeCourse.Services.Catalog", "Services\Catalog\FreeCourse.Services.Catalog\FreeCourse.Services.Catalog.csproj", "{E64A7C53-1B5A-44DF-9A85-FA737509086C}"
EndProject
Project("{2150E333-8FDC-42A3-9474-1A3956D46DE8}") = "Solution Items", "Solution Items", "{B65C1482-3672-474A-BDD2-D54689CD0B52}"
	ProjectSection(SolutionItems) = preProject
		Ports.txt = Ports.txt
	EndProjectSection
EndProject
Project("{2150E333-8FDC-42A3-9474-1A3956D46DE8}") = "Shared", "Shared", "{9FF385E7-22F7-4B0C-9F7E-9BE549C49FD2}"
EndProject
Project("{9A19103F-16F7-4668-BE54-9A1E7A4F7556}") = "FreeCourse.Shared", "Shared\FreeCourse.Shared\FreeCourse.Shared.csproj", "{18F58A31-F02A-41F7-B1C2-DB4618F45E7A}"
EndProject
Project("{2150E333-8FDC-42A3-9474-1A3956D46DE8}") = "IdentityServer", "IdentityServer", "{F01B7888-A7D5-4931-BB65-BB6381429212}"
EndProject
Project("{9A19103F-16F7-4668-BE54-9A1E7A4F7556}") = "FreeCourse.IdentityServer", "IdentityServer\FreeCourse.IdentityServer\FreeCourse.IdentityServer.csproj", "{6163F9E1-FCF4-45EF-8AA4-2394466BD967}"
EndProject
Project("{2150E333-8FDC-42A3-9474-1A3956D46DE8}") = "PhotoStock", "PhotoStock", "{8D6F7F78-71B2-4726-BD56-F484EFE779F6}"
EndProject
Project("{9A19103F-16F7-4668-BE54-9A1E7A4F7556}") = "FreeCourse.Services.PhotoStock", "Services\PhotoStock\FreeCourse.Services.PhotoStock\FreeCourse.Services.PhotoStock.csproj", "{0693576F-5A6C-471F-8193-D0DE22B9A819}"
EndProject
Project("{2150E333-8FDC-42A3-9474-1A3956D46DE8}") = "Basket", "Basket", "{9AA782EF-7DCF-4B7B-97AB-09D705482B1F}"
EndProject
Project("{9A19103F-16F7-4668-BE54-9A1E7A4F7556}") = "FreeCourse.Services.Basket", "Services\Basket\FreeCourse.Services.Basket\FreeCourse.Services.Basket.csproj", "{70C9A417-43BC-42F7-AC35-31D81ACF038C}"
EndProject
Project("{2150E333-8FDC-42A3-9474-1A3956D46DE8}") = "Discount", "Discount", "{136A306B-3346-48A5-9757-CE1F5B9F329F}"
EndProject
Project("{9A19103F-16F7-4668-BE54-9A1E7A4F7556}") = "FreeCourse.Services.Discount", "Services\Discount\FreeCourse.Services.Discount\FreeCourse.Services.Discount.csproj", "{3C246A0C-470C-41D2-A4B7-49A1A654CD53}"
EndProject
Project("{2150E333-8FDC-42A3-9474-1A3956D46DE8}") = "Order", "Order", "{0978EDAF-DF2D-4766-9590-5DDCB1D6AF26}"
EndProject
Project("{FAE04EC0-301F-11D3-BF4B-00C04F79EFBC}") = "FreeCourse.Services.Order.API", "Services\Order\FreeCourse.Services.Order.API\FreeCourse.Services.Order.API.csproj", "{968A644F-8DAA-4EBB-8C08-0ADC39190E55}"
EndProject
Project("{FAE04EC0-301F-11D3-BF4B-00C04F79EFBC}") = "FreeCourse.Services.Order.Application", "Services\Order\FreeCourse.Services.Order.Application\FreeCourse.Services.Order.Application.csproj", "{A88F6A2D-9B0C-41A6-B514-FF0B2CD72060}"
EndProject
Project("{FAE04EC0-301F-11D3-BF4B-00C04F79EFBC}") = "FreeCourse.Services.Order.Domain", "Services\Order\FreeCourse.Services.Order.Domain\FreeCourse.Services.Order.Domain.csproj", "{567EFCF1-B049-4F93-A3F8-40E7E3E0C84A}"
EndProject
Project("{FAE04EC0-301F-11D3-BF4B-00C04F79EFBC}") = "FreeCourse.Services.Order.Domain.Core", "Services\Order\FreeCourse.Services.Order.Domain.Core\FreeCourse.Services.Order.Domain.Core.csproj", "{E1B466C1-DF02-4285-AD54-0FADA99F08BD}"
EndProject
Project("{FAE04EC0-301F-11D3-BF4B-00C04F79EFBC}") = "FreeCourse.Services.Order.Infrastructure", "Services\Order\FreeCourse.Services.Order.Infrastructure\FreeCourse.Services.Order.Infrastructure.csproj", "{3D24237D-C881-4857-99AE-4DB4D2265B90}"
EndProject
Project("{2150E333-8FDC-42A3-9474-1A3956D46DE8}") = "FakePayment", "FakePayment", "{67C7CC70-1CD9-4221-826F-F850BEE61E3D}"
EndProject
Project("{FAE04EC0-301F-11D3-BF4B-00C04F79EFBC}") = "FreeCourse.Services.FakePayment", "Services\FakePayment\FreeCourse.Services.FakePayment\FreeCourse.Services.FakePayment.csproj", "{846FFB28-614A-40BE-B538-4B99C2806D96}"
EndProject
Project("{2150E333-8FDC-42A3-9474-1A3956D46DE8}") = "Gateways", "Gateways", "{095CC794-B539-4CE4-98CA-A984EA78A9DF}"
EndProject
Project("{FAE04EC0-301F-11D3-BF4B-00C04F79EFBC}") = "FreeCourse.Gateway", "Gateways\FreeCourse.Gateway\FreeCourse.Gateway.csproj", "{D48B4561-A868-46D6-9938-890D99635426}"
EndProject
Global
	GlobalSection(SolutionConfigurationPlatforms) = preSolution
		Debug|Any CPU = Debug|Any CPU
		Release|Any CPU = Release|Any CPU
	EndGlobalSection
	GlobalSection(ProjectConfigurationPlatforms) = postSolution
		{E64A7C53-1B5A-44DF-9A85-FA737509086C}.Debug|Any CPU.ActiveCfg = Debug|Any CPU
		{E64A7C53-1B5A-44DF-9A85-FA737509086C}.Debug|Any CPU.Build.0 = Debug|Any CPU
		{E64A7C53-1B5A-44DF-9A85-FA737509086C}.Release|Any CPU.ActiveCfg = Release|Any CPU
		{E64A7C53-1B5A-44DF-9A85-FA737509086C}.Release|Any CPU.Build.0 = Release|Any CPU
		{18F58A31-F02A-41F7-B1C2-DB4618F45E7A}.Debug|Any CPU.ActiveCfg = Debug|Any CPU
		{18F58A31-F02A-41F7-B1C2-DB4618F45E7A}.Debug|Any CPU.Build.0 = Debug|Any CPU
		{18F58A31-F02A-41F7-B1C2-DB4618F45E7A}.Release|Any CPU.ActiveCfg = Release|Any CPU
		{18F58A31-F02A-41F7-B1C2-DB4618F45E7A}.Release|Any CPU.Build.0 = Release|Any CPU
		{6163F9E1-FCF4-45EF-8AA4-2394466BD967}.Debug|Any CPU.ActiveCfg = Debug|Any CPU
		{6163F9E1-FCF4-45EF-8AA4-2394466BD967}.Debug|Any CPU.Build.0 = Debug|Any CPU
		{6163F9E1-FCF4-45EF-8AA4-2394466BD967}.Release|Any CPU.ActiveCfg = Release|Any CPU
		{6163F9E1-FCF4-45EF-8AA4-2394466BD967}.Release|Any CPU.Build.0 = Release|Any CPU
		{0693576F-5A6C-471F-8193-D0DE22B9A819}.Debug|Any CPU.ActiveCfg = Debug|Any CPU
		{0693576F-5A6C-471F-8193-D0DE22B9A819}.Debug|Any CPU.Build.0 = Debug|Any CPU
		{0693576F-5A6C-471F-8193-D0DE22B9A819}.Release|Any CPU.ActiveCfg = Release|Any CPU
		{0693576F-5A6C-471F-8193-D0DE22B9A819}.Release|Any CPU.Build.0 = Release|Any CPU
		{70C9A417-43BC-42F7-AC35-31D81ACF038C}.Debug|Any CPU.ActiveCfg = Debug|Any CPU
		{70C9A417-43BC-42F7-AC35-31D81ACF038C}.Debug|Any CPU.Build.0 = Debug|Any CPU
		{70C9A417-43BC-42F7-AC35-31D81ACF038C}.Release|Any CPU.ActiveCfg = Release|Any CPU
		{70C9A417-43BC-42F7-AC35-31D81ACF038C}.Release|Any CPU.Build.0 = Release|Any CPU
		{3C246A0C-470C-41D2-A4B7-49A1A654CD53}.Debug|Any CPU.ActiveCfg = Debug|Any CPU
		{3C246A0C-470C-41D2-A4B7-49A1A654CD53}.Debug|Any CPU.Build.0 = Debug|Any CPU
		{3C246A0C-470C-41D2-A4B7-49A1A654CD53}.Release|Any CPU.ActiveCfg = Release|Any CPU
		{3C246A0C-470C-41D2-A4B7-49A1A654CD53}.Release|Any CPU.Build.0 = Release|Any CPU
		{968A644F-8DAA-4EBB-8C08-0ADC39190E55}.Debug|Any CPU.ActiveCfg = Debug|Any CPU
		{968A644F-8DAA-4EBB-8C08-0ADC39190E55}.Debug|Any CPU.Build.0 = Debug|Any CPU
		{968A644F-8DAA-4EBB-8C08-0ADC39190E55}.Release|Any CPU.ActiveCfg = Release|Any CPU
		{968A644F-8DAA-4EBB-8C08-0ADC39190E55}.Release|Any CPU.Build.0 = Release|Any CPU
		{A88F6A2D-9B0C-41A6-B514-FF0B2CD72060}.Debug|Any CPU.ActiveCfg = Debug|Any CPU
		{A88F6A2D-9B0C-41A6-B514-FF0B2CD72060}.Debug|Any CPU.Build.0 = Debug|Any CPU
		{A88F6A2D-9B0C-41A6-B514-FF0B2CD72060}.Release|Any CPU.ActiveCfg = Release|Any CPU
		{A88F6A2D-9B0C-41A6-B514-FF0B2CD72060}.Release|Any CPU.Build.0 = Release|Any CPU
		{567EFCF1-B049-4F93-A3F8-40E7E3E0C84A}.Debug|Any CPU.ActiveCfg = Debug|Any CPU
		{567EFCF1-B049-4F93-A3F8-40E7E3E0C84A}.Debug|Any CPU.Build.0 = Debug|Any CPU
		{567EFCF1-B049-4F93-A3F8-40E7E3E0C84A}.Release|Any CPU.ActiveCfg = Release|Any CPU
		{567EFCF1-B049-4F93-A3F8-40E7E3E0C84A}.Release|Any CPU.Build.0 = Release|Any CPU
		{E1B466C1-DF02-4285-AD54-0FADA99F08BD}.Debug|Any CPU.ActiveCfg = Debug|Any CPU
		{E1B466C1-DF02-4285-AD54-0FADA99F08BD}.Debug|Any CPU.Build.0 = Debug|Any CPU
		{E1B466C1-DF02-4285-AD54-0FADA99F08BD}.Release|Any CPU.ActiveCfg = Release|Any CPU
		{E1B466C1-DF02-4285-AD54-0FADA99F08BD}.Release|Any CPU.Build.0 = Release|Any CPU
		{3D24237D-C881-4857-99AE-4DB4D2265B90}.Debug|Any CPU.ActiveCfg = Debug|Any CPU
		{3D24237D-C881-4857-99AE-4DB4D2265B90}.Debug|Any CPU.Build.0 = Debug|Any CPU
		{3D24237D-C881-4857-99AE-4DB4D2265B90}.Release|Any CPU.ActiveCfg = Release|Any CPU
		{3D24237D-C881-4857-99AE-4DB4D2265B90}.Release|Any CPU.Build.0 = Release|Any CPU
		{846FFB28-614A-40BE-B538-4B99C2806D96}.Debug|Any CPU.ActiveCfg = Debug|Any CPU
		{846FFB28-614A-40BE-B538-4B99C2806D96}.Debug|Any CPU.Build.0 = Debug|Any CPU
		{846FFB28-614A-40BE-B538-4B99C2806D96}.Release|Any CPU.ActiveCfg = Release|Any CPU
		{846FFB28-614A-40BE-B538-4B99C2806D96}.Release|Any CPU.Build.0 = Release|Any CPU
		{D48B4561-A868-46D6-9938-890D99635426}.Debug|Any CPU.ActiveCfg = Debug|Any CPU
		{D48B4561-A868-46D6-9938-890D99635426}.Debug|Any CPU.Build.0 = Debug|Any CPU
		{D48B4561-A868-46D6-9938-890D99635426}.Release|Any CPU.ActiveCfg = Release|Any CPU
		{D48B4561-A868-46D6-9938-890D99635426}.Release|Any CPU.Build.0 = Release|Any CPU
	EndGlobalSection
	GlobalSection(SolutionProperties) = preSolution
		HideSolutionNode = FALSE
	EndGlobalSection
	GlobalSection(NestedProjects) = preSolution
		{3D0D2F9C-63F9-4B5F-BA93-894685E5EB19} = {6C094C29-586B-4789-9665-6DD5CF01A910}
		{E64A7C53-1B5A-44DF-9A85-FA737509086C} = {3D0D2F9C-63F9-4B5F-BA93-894685E5EB19}
		{18F58A31-F02A-41F7-B1C2-DB4618F45E7A} = {9FF385E7-22F7-4B0C-9F7E-9BE549C49FD2}
		{6163F9E1-FCF4-45EF-8AA4-2394466BD967} = {F01B7888-A7D5-4931-BB65-BB6381429212}
		{8D6F7F78-71B2-4726-BD56-F484EFE779F6} = {6C094C29-586B-4789-9665-6DD5CF01A910}
		{0693576F-5A6C-471F-8193-D0DE22B9A819} = {8D6F7F78-71B2-4726-BD56-F484EFE779F6}
		{9AA782EF-7DCF-4B7B-97AB-09D705482B1F} = {6C094C29-586B-4789-9665-6DD5CF01A910}
		{70C9A417-43BC-42F7-AC35-31D81ACF038C} = {9AA782EF-7DCF-4B7B-97AB-09D705482B1F}
		{136A306B-3346-48A5-9757-CE1F5B9F329F} = {6C094C29-586B-4789-9665-6DD5CF01A910}
		{3C246A0C-470C-41D2-A4B7-49A1A654CD53} = {136A306B-3346-48A5-9757-CE1F5B9F329F}
		{0978EDAF-DF2D-4766-9590-5DDCB1D6AF26} = {6C094C29-586B-4789-9665-6DD5CF01A910}
		{968A644F-8DAA-4EBB-8C08-0ADC39190E55} = {0978EDAF-DF2D-4766-9590-5DDCB1D6AF26}
		{A88F6A2D-9B0C-41A6-B514-FF0B2CD72060} = {0978EDAF-DF2D-4766-9590-5DDCB1D6AF26}
		{567EFCF1-B049-4F93-A3F8-40E7E3E0C84A} = {0978EDAF-DF2D-4766-9590-5DDCB1D6AF26}
		{E1B466C1-DF02-4285-AD54-0FADA99F08BD} = {0978EDAF-DF2D-4766-9590-5DDCB1D6AF26}
		{3D24237D-C881-4857-99AE-4DB4D2265B90} = {0978EDAF-DF2D-4766-9590-5DDCB1D6AF26}
		{67C7CC70-1CD9-4221-826F-F850BEE61E3D} = {6C094C29-586B-4789-9665-6DD5CF01A910}
		{846FFB28-614A-40BE-B538-4B99C2806D96} = {67C7CC70-1CD9-4221-826F-F850BEE61E3D}
		{D48B4561-A868-46D6-9938-890D99635426} = {095CC794-B539-4CE4-98CA-A984EA78A9DF}
	EndGlobalSection
	GlobalSection(ExtensibilityGlobals) = postSolution
		SolutionGuid = {055ABF84-5879-4D65-BC3D-8FDA8FA7E7BC}
	EndGlobalSection
EndGlobal
